Microsoft Visual Studio Solution File, Format Version 10.00
# Visual Studio 2008
Project("{8BC9CEB8-8B4A-11D0-8D11-00A0C91BC942}") = "libcommon", "libcommon\libcommon.vcproj", "{7E599AE2-05FB-40C1-AC57-FD148117A2BA}"
EndProject
Project("{8BC9CEB8-8B4A-11D0-8D11-00A0C91BC942}") = "liblogic", "liblogic\liblogic.vcproj", "{3C7A0D60-12A6-47CA-A308-9C800C51E87D}"
EndProject
Project("{8BC9CEB8-8B4A-11D0-8D11-00A0C91BC942}") = "libcrypto", "libcrypto\libcrypto.vcproj", "{CFD68AEB-26C2-4EF9-A367-B438572374BF}"
EndProject
Project("{8BC9CEB8-8B4A-11D0-8D11-00A0C91BC942}") = "libudis86", "libudis86\libudis86.vcproj", "{E3704481-5D7C-4D14-BFEB-12485BE47FCF}"
EndProject
Project("{8BC9CEB8-8B4A-11D0-8D11-00A0C91BC942}") = "libsupport", "libsupport\libsupport.vcproj", "{B0EF8E1E-2EB5-46EC-89F0-73BB0C3C2C12}"
EndProject
Project("{8BC9CEB8-8B4A-11D0-8D11-00A0C91BC942}") = "libanalyzer", "libanalyzer\libanalyzer.vcproj", "{3CD114E8-2842-4357-9A58-006AB1EB30B5}"
EndProject
Project("{8BC9CEB8-8B4A-11D0-8D11-00A0C91BC942}") = "libdis", "libdis\libdis.vcproj", "{007F169B-9C9A-4E53-BA63-1B40B6C103D5}"
EndProject
Project("{8BC9CEB8-8B4A-11D0-8D11-00A0C91BC942}") = "libdisath", "libdisath\libdisath.vcproj", "{4C9DDCCB-F551-42B9-B682-F195286C6042}"
EndProject
Project("{8BC9CEB8-8B4A-11D0-8D11-00A0C91BC942}") = "libchaosvmath", "libchaosvmath\libchaosvmath.vcproj", "{B429A752-3F14-4D13-8577-B685D9363C57}"
EndProject
Project("{8BC9CEB8-8B4A-11D0-8D11-00A0C91BC942}") = "libpowerprotecter", "libpowerprotecter\libpowerprotecter.vcproj", "{AC09BD95-D802-4CF0-9C8E-C5B606FAD262}"
EndProject
Project("{8BC9CEB8-8B4A-11D0-8D11-00A0C91BC942}") = "libpowerprotecterath", "libpowerprotecterath\libpowerprotecterath.vcproj", "{58335C6F-8546-460D-93FB-6445C519B652}"
EndProject
Project("{8BC9CEB8-8B4A-11D0-8D11-00A0C91BC942}") = "chaosvm", "chaosvm\chaosvm.vcproj", "{6EDCCD7F-D3D5-4E34-B705-01300B574BD4}"
EndProject
Project("{8BC9CEB8-8B4A-11D0-8D11-00A0C91BC942}") = "libchaosvmp", "libchaosvmp\libchaosvmp.vcproj", "{ED0E5B0B-2DE5-4A61-8A27-B7B659F1DF34}"
EndProject
Project("{8BC9CEB8-8B4A-11D0-8D11-00A0C91BC942}") = "libchaosvmbcfile", "libchaosvmbcfile\libchaosvmbcfile.vcproj", "{D243F991-16EC-47BC-B7E4-097AF7CAD390}"
EndProject
Project("{8BC9CEB8-8B4A-11D0-8D11-00A0C91BC942}") = "chaosvmldr", "chaosvmldr\chaosvmldr.vcproj", "{9ABBE23E-96F4-4913-84B1-D87D07341203}"
EndProject
Project("{8BC9CEB8-8B4A-11D0-8D11-00A0C91BC942}") = "efiler", "efiler\efiler.vcproj", "{53F98EB1-DE95-4D98-9D0C-8D8D08B0B14C}"
EndProject
Project("{8BC9CEB8-8B4A-11D0-8D11-00A0C91BC942}") = "cbcfileview", "cbcfileview\cbcfileview.vcproj", "{ADBD056F-C3F0-464E-B241-AF95A28C844B}"
EndProject
Project("{8BC9CEB8-8B4A-11D0-8D11-00A0C91BC942}") = "pefix", "pefix\pefix.vcproj", "{C154BEB3-E2D7-4CD2-ABCF-A78A39024DEB}"
EndProject
Project("{8BC9CEB8-8B4A-11D0-8D11-00A0C91BC942}") = "yimptbl", "yimptbl\yimptbl.vcproj", "{E1AA53BF-1906-4AA3-AD49-438E6DFE4ABE}"
EndProject
Project("{8BC9CEB8-8B4A-11D0-8D11-00A0C91BC942}") = "xanalyzer", "xanalyzer\xanalyzer.vcproj", "{B50543A9-0F74-44D8-887F-65C121EE2E4C}"
EndProject
Project("{8BC9CEB8-8B4A-11D0-8D11-00A0C91BC942}") = "xfileview", "xfileview\xfileview.vcproj", "{4455DFB8-A02A-4D0F-A331-7B1FA7D03D7C}"
EndProject
Project("{8BC9CEB8-8B4A-11D0-8D11-00A0C91BC942}") = "xsign", "xsign\xsign.vcproj", "{C6ECAAF3-C086-4944-8866-4BB3EE563137}"
EndProject
Project("{8BC9CEB8-8B4A-11D0-8D11-00A0C91BC942}") = "ximptbl", "ximptbl\ximptbl.vcproj", "{793250D5-F536-4B59-B3D4-4C79ACC306E2}"
	ProjectSection(ProjectDependencies) = postProject
		{E1AA53BF-1906-4AA3-AD49-438E6DFE4ABE} = {E1AA53BF-1906-4AA3-AD49-438E6DFE4ABE}
	EndProjectSection
EndProject
Project("{8BC9CEB8-8B4A-11D0-8D11-00A0C91BC942}") = "chaosvmp", "chaosvmp\chaosvmp.vcproj", "{585F226B-9574-4A48-9586-1A06C6C795D0}"
	ProjectSection(ProjectDependencies) = postProject
		{B429A752-3F14-4D13-8577-B685D9363C57} = {B429A752-3F14-4D13-8577-B685D9363C57}
		{4C9DDCCB-F551-42B9-B682-F195286C6042} = {4C9DDCCB-F551-42B9-B682-F195286C6042}
		{DA4C66E5-44A5-417C-973A-C0E3A681F7E5} = {DA4C66E5-44A5-417C-973A-C0E3A681F7E5}
	EndProjectSection
EndProject
Project("{8BC9CEB8-8B4A-11D0-8D11-00A0C91BC942}") = "crc32er", "crc32er\crc32er.vcproj", "{B50085E2-D70A-4175-B141-81CCC92769EB}"
EndProject
Project("{8BC9CEB8-8B4A-11D0-8D11-00A0C91BC942}") = "fuckme", "fuckme\fuckme.vcproj", "{6A416E71-661A-46C7-AEFC-5804D5346D3A}"
EndProject
Project("{8BC9CEB8-8B4A-11D0-8D11-00A0C91BC942}") = "fuckyou", "fuckyou\fuckyou.vcproj", "{DE541078-2212-4676-BE4D-635DE282D556}"
EndProject
Project("{2150E333-8FDC-42A3-9474-1A3956D46DE8}") = "支持库", "支持库", "{4B3C061A-B51C-41CD-A028-34A4E87A2F8B}"
EndProject
Project("{2150E333-8FDC-42A3-9474-1A3956D46DE8}") = "混乱虚拟机保护库", "混乱虚拟机保护库", "{B5DC0391-A319-4682-9D90-CAD838B4DC89}"
EndProject
Project("{2150E333-8FDC-42A3-9474-1A3956D46DE8}") = "基本库", "基本库", "{29610B09-CDA1-4592-A33B-8FAAF127C8D7}"
EndProject
Project("{2150E333-8FDC-42A3-9474-1A3956D46DE8}") = "DIS库", "DIS库", "{909A7ECD-AE44-4C4E-8BAF-79E0B265A16E}"
EndProject
Project("{2150E333-8FDC-42A3-9474-1A3956D46DE8}") = "测试程序", "测试程序", "{9D1C0980-27CB-4FB9-B584-FD0D5A9FD0E5}"
EndProject
Project("{2150E333-8FDC-42A3-9474-1A3956D46DE8}") = "支持工具", "支持工具", "{A113748E-514E-4142-931C-B8E264C1721E}"
EndProject
Project("{2150E333-8FDC-42A3-9474-1A3956D46DE8}") = "分析引擎库", "分析引擎库", "{7695B665-C3A5-4D3C-9F48-599F19D56EB8}"
EndProject
Project("{8BC9CEB8-8B4A-11D0-8D11-00A0C91BC942}") = "libtinyxml", "libtinyxml\libtinyxml.vcproj", "{DA4C66E5-44A5-417C-973A-C0E3A681F7E5}"
EndProject
Project("{8BC9CEB8-8B4A-11D0-8D11-00A0C91BC942}") = "cerberus", "cerberus\cerberus.vcproj", "{41697B9B-20D3-4486-89D8-CC29FDC2DEC5}"
EndProject
Project("{2150E333-8FDC-42A3-9474-1A3956D46DE8}") = "统计工具", "统计工具", "{600A812C-6892-49FF-942E-5566EC7F4B54}"
EndProject
Project("{8BC9CEB8-8B4A-11D0-8D11-00A0C91BC942}") = "statisticsfile", "statisticsfile\statisticsfile.vcproj", "{0BB60C33-8999-47EE-B95E-F81F28CCA2BF}"
EndProject
Project("{8BC9CEB8-8B4A-11D0-8D11-00A0C91BC942}") = "libdetours", "libdetours\libdetours.vcproj", "{61ACA065-C46A-49EC-8710-69BAEFF15B6C}"
EndProject
Project("{8BC9CEB8-8B4A-11D0-8D11-00A0C91BC942}") = "xhooker", "xhooker\xhooker.vcproj", "{67986F01-9D62-4412-B45D-37846A98A52C}"
EndProject
Project("{8BC9CEB8-8B4A-11D0-8D11-00A0C91BC942}") = "xdetours", "xdetours\xdetours.vcproj", "{AD519363-119E-46B1-9595-4CA6DFAC2E8D}"
EndProject
Global
	GlobalSection(SolutionConfigurationPlatforms) = preSolution
		ChaosVmEmulationDebug|Win32 = ChaosVmEmulationDebug|Win32
		ChaosVmEmulationRelease|Win32 = ChaosVmEmulationRelease|Win32
		ChaosVmEmulationReleaseWithDbgPrint|Win32 = ChaosVmEmulationReleaseWithDbgPrint|Win32
		ChaosVmLdrReleaseWithDbgStep|Win32 = ChaosVmLdrReleaseWithDbgStep|Win32
		ChaosVmpReleaseWithDbgPrint|Win32 = ChaosVmpReleaseWithDbgPrint|Win32
		ChaosVmReleaseWithDbgPrint|Win32 = ChaosVmReleaseWithDbgPrint|Win32
		Debug|Win32 = Debug|Win32
		Release|Win32 = Release|Win32
	EndGlobalSection
	GlobalSection(ProjectConfigurationPlatforms) = postSolution
		{7E599AE2-05FB-40C1-AC57-FD148117A2BA}.ChaosVmEmulationDebug|Win32.ActiveCfg = Debug|Win32
		{7E599AE2-05FB-40C1-AC57-FD148117A2BA}.ChaosVmEmulationDebug|Win32.Build.0 = Debug|Win32
		{7E599AE2-05FB-40C1-AC57-FD148117A2BA}.ChaosVmEmulationRelease|Win32.ActiveCfg = Release|Win32
		{7E599AE2-05FB-40C1-AC57-FD148117A2BA}.ChaosVmEmulationRelease|Win32.Build.0 = Release|Win32
		{7E599AE2-05FB-40C1-AC57-FD148117A2BA}.ChaosVmEmulationReleaseWithDbgPrint|Win32.ActiveCfg = Release|Win32
		{7E599AE2-05FB-40C1-AC57-FD148117A2BA}.ChaosVmEmulationReleaseWithDbgPrint|Win32.Build.0 = Release|Win32
		{7E599AE2-05FB-40C1-AC57-FD148117A2BA}.ChaosVmLdrReleaseWithDbgStep|Win32.ActiveCfg = Release|Win32
		{7E599AE2-05FB-40C1-AC57-FD148117A2BA}.ChaosVmLdrReleaseWithDbgStep|Win32.Build.0 = Release|Win32
		{7E599AE2-05FB-40C1-AC57-FD148117A2BA}.ChaosVmpReleaseWithDbgPrint|Win32.ActiveCfg = Release|Win32
		{7E599AE2-05FB-40C1-AC57-FD148117A2BA}.ChaosVmpReleaseWithDbgPrint|Win32.Build.0 = Release|Win32
		{7E599AE2-05FB-40C1-AC57-FD148117A2BA}.ChaosVmReleaseWithDbgPrint|Win32.ActiveCfg = Release|Win32
		{7E599AE2-05FB-40C1-AC57-FD148117A2BA}.ChaosVmReleaseWithDbgPrint|Win32.Build.0 = Release|Win32
		{7E599AE2-05FB-40C1-AC57-FD148117A2BA}.Debug|Win32.ActiveCfg = Debug|Win32
		{7E599AE2-05FB-40C1-AC57-FD148117A2BA}.Debug|Win32.Build.0 = Debug|Win32
		{7E599AE2-05FB-40C1-AC57-FD148117A2BA}.Release|Win32.ActiveCfg = Release|Win32
		{7E599AE2-05FB-40C1-AC57-FD148117A2BA}.Release|Win32.Build.0 = Release|Win32
		{3C7A0D60-12A6-47CA-A308-9C800C51E87D}.ChaosVmEmulationDebug|Win32.ActiveCfg = Debug|Win32
		{3C7A0D60-12A6-47CA-A308-9C800C51E87D}.ChaosVmEmulationDebug|Win32.Build.0 = Debug|Win32
		{3C7A0D60-12A6-47CA-A308-9C800C51E87D}.ChaosVmEmulationRelease|Win32.ActiveCfg = Release|Win32
		{3C7A0D60-12A6-47CA-A308-9C800C51E87D}.ChaosVmEmulationRelease|Win32.Build.0 = Release|Win32
		{3C7A0D60-12A6-47CA-A308-9C800C51E87D}.ChaosVmEmulationReleaseWithDbgPrint|Win32.ActiveCfg = Release|Win32
		{3C7A0D60-12A6-47CA-A308-9C800C51E87D}.ChaosVmEmulationReleaseWithDbgPrint|Win32.Build.0 = Release|Win32
		{3C7A0D60-12A6-47CA-A308-9C800C51E87D}.ChaosVmLdrReleaseWithDbgStep|Win32.ActiveCfg = Release|Win32
		{3C7A0D60-12A6-47CA-A308-9C800C51E87D}.ChaosVmLdrReleaseWithDbgStep|Win32.Build.0 = Release|Win32
		{3C7A0D60-12A6-47CA-A308-9C800C51E87D}.ChaosVmpReleaseWithDbgPrint|Win32.ActiveCfg = Release|Win32
		{3C7A0D60-12A6-47CA-A308-9C800C51E87D}.ChaosVmpReleaseWithDbgPrint|Win32.Build.0 = Release|Win32
		{3C7A0D60-12A6-47CA-A308-9C800C51E87D}.ChaosVmReleaseWithDbgPrint|Win32.ActiveCfg = Release|Win32
		{3C7A0D60-12A6-47CA-A308-9C800C51E87D}.ChaosVmReleaseWithDbgPrint|Win32.Build.0 = Release|Win32
		{3C7A0D60-12A6-47CA-A308-9C800C51E87D}.Debug|Win32.ActiveCfg = Debug|Win32
		{3C7A0D60-12A6-47CA-A308-9C800C51E87D}.Debug|Win32.Build.0 = Debug|Win32
		{3C7A0D60-12A6-47CA-A308-9C800C51E87D}.Release|Win32.ActiveCfg = Release|Win32
		{3C7A0D60-12A6-47CA-A308-9C800C51E87D}.Release|Win32.Build.0 = Release|Win32
		{CFD68AEB-26C2-4EF9-A367-B438572374BF}.ChaosVmEmulationDebug|Win32.ActiveCfg = Debug|Win32
		{CFD68AEB-26C2-4EF9-A367-B438572374BF}.ChaosVmEmulationDebug|Win32.Build.0 = Debug|Win32
		{CFD68AEB-26C2-4EF9-A367-B438572374BF}.ChaosVmEmulationRelease|Win32.ActiveCfg = Release|Win32
		{CFD68AEB-26C2-4EF9-A367-B438572374BF}.ChaosVmEmulationRelease|Win32.Build.0 = Release|Win32
		{CFD68AEB-26C2-4EF9-A367-B438572374BF}.ChaosVmEmulationReleaseWithDbgPrint|Win32.ActiveCfg = Release|Win32
		{CFD68AEB-26C2-4EF9-A367-B438572374BF}.ChaosVmEmulationReleaseWithDbgPrint|Win32.Build.0 = Release|Win32
		{CFD68AEB-26C2-4EF9-A367-B438572374BF}.ChaosVmLdrReleaseWithDbgStep|Win32.ActiveCfg = Release|Win32
		{CFD68AEB-26C2-4EF9-A367-B438572374BF}.ChaosVmLdrReleaseWithDbgStep|Win32.Build.0 = Release|Win32
		{CFD68AEB-26C2-4EF9-A367-B438572374BF}.ChaosVmpReleaseWithDbgPrint|Win32.ActiveCfg = Release|Win32
		{CFD68AEB-26C2-4EF9-A367-B438572374BF}.ChaosVmpReleaseWithDbgPrint|Win32.Build.0 = Release|Win32
		{CFD68AEB-26C2-4EF9-A367-B438572374BF}.ChaosVmReleaseWithDbgPrint|Win32.ActiveCfg = Release|Win32
		{CFD68AEB-26C2-4EF9-A367-B438572374BF}.ChaosVmReleaseWithDbgPrint|Win32.Build.0 = Release|Win32
		{CFD68AEB-26C2-4EF9-A367-B438572374BF}.Debug|Win32.ActiveCfg = Debug|Win32
		{CFD68AEB-26C2-4EF9-A367-B438572374BF}.Debug|Win32.Build.0 = Debug|Win32
		{CFD68AEB-26C2-4EF9-A367-B438572374BF}.Release|Win32.ActiveCfg = Release|Win32
		{CFD68AEB-26C2-4EF9-A367-B438572374BF}.Release|Win32.Build.0 = Release|Win32
		{E3704481-5D7C-4D14-BFEB-12485BE47FCF}.ChaosVmEmulationDebug|Win32.ActiveCfg = Debug|Win32
		{E3704481-5D7C-4D14-BFEB-12485BE47FCF}.ChaosVmEmulationDebug|Win32.Build.0 = Debug|Win32
		{E3704481-5D7C-4D14-BFEB-12485BE47FCF}.ChaosVmEmulationRelease|Win32.ActiveCfg = Release|Win32
		{E3704481-5D7C-4D14-BFEB-12485BE47FCF}.ChaosVmEmulationRelease|Win32.Build.0 = Release|Win32
		{E3704481-5D7C-4D14-BFEB-12485BE47FCF}.ChaosVmEmulationReleaseWithDbgPrint|Win32.ActiveCfg = Release|Win32
		{E3704481-5D7C-4D14-BFEB-12485BE47FCF}.ChaosVmEmulationReleaseWithDbgPrint|Win32.Build.0 = Release|Win32
		{E3704481-5D7C-4D14-BFEB-12485BE47FCF}.ChaosVmLdrReleaseWithDbgStep|Win32.ActiveCfg = Release|Win32
		{E3704481-5D7C-4D14-BFEB-12485BE47FCF}.ChaosVmLdrReleaseWithDbgStep|Win32.Build.0 = Release|Win32
		{E3704481-5D7C-4D14-BFEB-12485BE47FCF}.ChaosVmpReleaseWithDbgPrint|Win32.ActiveCfg = Release|Win32
		{E3704481-5D7C-4D14-BFEB-12485BE47FCF}.ChaosVmpReleaseWithDbgPrint|Win32.Build.0 = Release|Win32
		{E3704481-5D7C-4D14-BFEB-12485BE47FCF}.ChaosVmReleaseWithDbgPrint|Win32.ActiveCfg = Release|Win32
		{E3704481-5D7C-4D14-BFEB-12485BE47FCF}.ChaosVmReleaseWithDbgPrint|Win32.Build.0 = Release|Win32
		{E3704481-5D7C-4D14-BFEB-12485BE47FCF}.Debug|Win32.ActiveCfg = Debug|Win32
		{E3704481-5D7C-4D14-BFEB-12485BE47FCF}.Debug|Win32.Build.0 = Debug|Win32
		{E3704481-5D7C-4D14-BFEB-12485BE47FCF}.Release|Win32.ActiveCfg = Release|Win32
		{E3704481-5D7C-4D14-BFEB-12485BE47FCF}.Release|Win32.Build.0 = Release|Win32
		{B0EF8E1E-2EB5-46EC-89F0-73BB0C3C2C12}.ChaosVmEmulationDebug|Win32.ActiveCfg = Debug|Win32
		{B0EF8E1E-2EB5-46EC-89F0-73BB0C3C2C12}.ChaosVmEmulationDebug|Win32.Build.0 = Debug|Win32
		{B0EF8E1E-2EB5-46EC-89F0-73BB0C3C2C12}.ChaosVmEmulationRelease|Win32.ActiveCfg = Release|Win32
		{B0EF8E1E-2EB5-46EC-89F0-73BB0C3C2C12}.ChaosVmEmulationRelease|Win32.Build.0 = Release|Win32
		{B0EF8E1E-2EB5-46EC-89F0-73BB0C3C2C12}.ChaosVmEmulationReleaseWithDbgPrint|Win32.ActiveCfg = Release|Win32
		{B0EF8E1E-2EB5-46EC-89F0-73BB0C3C2C12}.ChaosVmEmulationReleaseWithDbgPrint|Win32.Build.0 = Release|Win32
		{B0EF8E1E-2EB5-46EC-89F0-73BB0C3C2C12}.ChaosVmLdrReleaseWithDbgStep|Win32.ActiveCfg = Release|Win32
		{B0EF8E1E-2EB5-46EC-89F0-73BB0C3C2C12}.ChaosVmLdrReleaseWithDbgStep|Win32.Build.0 = Release|Win32
		{B0EF8E1E-2EB5-46EC-89F0-73BB0C3C2C12}.ChaosVmpReleaseWithDbgPrint|Win32.ActiveCfg = Release|Win32
		{B0EF8E1E-2EB5-46EC-89F0-73BB0C3C2C12}.ChaosVmpReleaseWithDbgPrint|Win32.Build.0 = Release|Win32
		{B0EF8E1E-2EB5-46EC-89F0-73BB0C3C2C12}.ChaosVmReleaseWithDbgPrint|Win32.ActiveCfg = Release|Win32
		{B0EF8E1E-2EB5-46EC-89F0-73BB0C3C2C12}.ChaosVmReleaseWithDbgPrint|Win32.Build.0 = Release|Win32
		{B0EF8E1E-2EB5-46EC-89F0-73BB0C3C2C12}.Debug|Win32.ActiveCfg = Debug|Win32
		{B0EF8E1E-2EB5-46EC-89F0-73BB0C3C2C12}.Debug|Win32.Build.0 = Debug|Win32
		{B0EF8E1E-2EB5-46EC-89F0-73BB0C3C2C12}.Release|Win32.ActiveCfg = Release|Win32
		{B0EF8E1E-2EB5-46EC-89F0-73BB0C3C2C12}.Release|Win32.Build.0 = Release|Win32
		{3CD114E8-2842-4357-9A58-006AB1EB30B5}.ChaosVmEmulationDebug|Win32.ActiveCfg = Debug|Win32
		{3CD114E8-2842-4357-9A58-006AB1EB30B5}.ChaosVmEmulationDebug|Win32.Build.0 = Debug|Win32
		{3CD114E8-2842-4357-9A58-006AB1EB30B5}.ChaosVmEmulationRelease|Win32.ActiveCfg = Release|Win32
		{3CD114E8-2842-4357-9A58-006AB1EB30B5}.ChaosVmEmulationRelease|Win32.Build.0 = Release|Win32
		{3CD114E8-2842-4357-9A58-006AB1EB30B5}.ChaosVmEmulationReleaseWithDbgPrint|Win32.ActiveCfg = Release|Win32
		{3CD114E8-2842-4357-9A58-006AB1EB30B5}.ChaosVmEmulationReleaseWithDbgPrint|Win32.Build.0 = Release|Win32
		{3CD114E8-2842-4357-9A58-006AB1EB30B5}.ChaosVmLdrReleaseWithDbgStep|Win32.ActiveCfg = Release|Win32
		{3CD114E8-2842-4357-9A58-006AB1EB30B5}.ChaosVmLdrReleaseWithDbgStep|Win32.Build.0 = Release|Win32
		{3CD114E8-2842-4357-9A58-006AB1EB30B5}.ChaosVmpReleaseWithDbgPrint|Win32.ActiveCfg = Release|Win32
		{3CD114E8-2842-4357-9A58-006AB1EB30B5}.ChaosVmpReleaseWithDbgPrint|Win32.Build.0 = Release|Win32
		{3CD114E8-2842-4357-9A58-006AB1EB30B5}.ChaosVmReleaseWithDbgPrint|Win32.ActiveCfg = Release|Win32
		{3CD114E8-2842-4357-9A58-006AB1EB30B5}.ChaosVmReleaseWithDbgPrint|Win32.Build.0 = Release|Win32
		{3CD114E8-2842-4357-9A58-006AB1EB30B5}.Debug|Win32.ActiveCfg = Debug|Win32
		{3CD114E8-2842-4357-9A58-006AB1EB30B5}.Debug|Win32.Build.0 = Debug|Win32
		{3CD114E8-2842-4357-9A58-006AB1EB30B5}.Release|Win32.ActiveCfg = Release|Win32
		{3CD114E8-2842-4357-9A58-006AB1EB30B5}.Release|Win32.Build.0 = Release|Win32
		{007F169B-9C9A-4E53-BA63-1B40B6C103D5}.ChaosVmEmulationDebug|Win32.ActiveCfg = Debug|Win32
		{007F169B-9C9A-4E53-BA63-1B40B6C103D5}.ChaosVmEmulationDebug|Win32.Build.0 = Debug|Win32
		{007F169B-9C9A-4E53-BA63-1B40B6C103D5}.ChaosVmEmulationRelease|Win32.ActiveCfg = Release|Win32
		{007F169B-9C9A-4E53-BA63-1B40B6C103D5}.ChaosVmEmulationRelease|Win32.Build.0 = Release|Win32
		{007F169B-9C9A-4E53-BA63-1B40B6C103D5}.ChaosVmEmulationReleaseWithDbgPrint|Win32.ActiveCfg = Release|Win32
		{007F169B-9C9A-4E53-BA63-1B40B6C103D5}.ChaosVmEmulationReleaseWithDbgPrint|Win32.Build.0 = Release|Win32
		{007F169B-9C9A-4E53-BA63-1B40B6C103D5}.ChaosVmLdrReleaseWithDbgStep|Win32.ActiveCfg = Release|Win32
		{007F169B-9C9A-4E53-BA63-1B40B6C103D5}.ChaosVmLdrReleaseWithDbgStep|Win32.Build.0 = Release|Win32
		{007F169B-9C9A-4E53-BA63-1B40B6C103D5}.ChaosVmpReleaseWithDbgPrint|Win32.ActiveCfg = Release|Win32
		{007F169B-9C9A-4E53-BA63-1B40B6C103D5}.ChaosVmpReleaseWithDbgPrint|Win32.Build.0 = Release|Win32
		{007F169B-9C9A-4E53-BA63-1B40B6C103D5}.ChaosVmReleaseWithDbgPrint|Win32.ActiveCfg = Release|Win32
		{007F169B-9C9A-4E53-BA63-1B40B6C103D5}.ChaosVmReleaseWithDbgPrint|Win32.Build.0 = Release|Win32
		{007F169B-9C9A-4E53-BA63-1B40B6C103D5}.Debug|Win32.ActiveCfg = Debug|Win32
		{007F169B-9C9A-4E53-BA63-1B40B6C103D5}.Debug|Win32.Build.0 = Debug|Win32
		{007F169B-9C9A-4E53-BA63-1B40B6C103D5}.Release|Win32.ActiveCfg = Release|Win32
		{007F169B-9C9A-4E53-BA63-1B40B6C103D5}.Release|Win32.Build.0 = Release|Win32
		{4C9DDCCB-F551-42B9-B682-F195286C6042}.ChaosVmEmulationDebug|Win32.ActiveCfg = Debug|Win32
		{4C9DDCCB-F551-42B9-B682-F195286C6042}.ChaosVmEmulationDebug|Win32.Build.0 = Debug|Win32
		{4C9DDCCB-F551-42B9-B682-F195286C6042}.ChaosVmEmulationRelease|Win32.ActiveCfg = Release|Win32
		{4C9DDCCB-F551-42B9-B682-F195286C6042}.ChaosVmEmulationRelease|Win32.Build.0 = Release|Win32
		{4C9DDCCB-F551-42B9-B682-F195286C6042}.ChaosVmEmulationReleaseWithDbgPrint|Win32.ActiveCfg = Release|Win32
		{4C9DDCCB-F551-42B9-B682-F195286C6042}.ChaosVmEmulationReleaseWithDbgPrint|Win32.Build.0 = Release|Win32
		{4C9DDCCB-F551-42B9-B682-F195286C6042}.ChaosVmLdrReleaseWithDbgStep|Win32.ActiveCfg = Release|Win32
		{4C9DDCCB-F551-42B9-B682-F195286C6042}.ChaosVmLdrReleaseWithDbgStep|Win32.Build.0 = Release|Win32
		{4C9DDCCB-F551-42B9-B682-F195286C6042}.ChaosVmpReleaseWithDbgPrint|Win32.ActiveCfg = Release|Win32
		{4C9DDCCB-F551-42B9-B682-F195286C6042}.ChaosVmpReleaseWithDbgPrint|Win32.Build.0 = Release|Win32
		{4C9DDCCB-F551-42B9-B682-F195286C6042}.ChaosVmReleaseWithDbgPrint|Win32.ActiveCfg = Release|Win32
		{4C9DDCCB-F551-42B9-B682-F195286C6042}.ChaosVmReleaseWithDbgPrint|Win32.Build.0 = Release|Win32
		{4C9DDCCB-F551-42B9-B682-F195286C6042}.Debug|Win32.ActiveCfg = Debug|Win32
		{4C9DDCCB-F551-42B9-B682-F195286C6042}.Debug|Win32.Build.0 = Debug|Win32
		{4C9DDCCB-F551-42B9-B682-F195286C6042}.Release|Win32.ActiveCfg = Release|Win32
		{4C9DDCCB-F551-42B9-B682-F195286C6042}.Release|Win32.Build.0 = Release|Win32
		{B429A752-3F14-4D13-8577-B685D9363C57}.ChaosVmEmulationDebug|Win32.ActiveCfg = Debug|Win32
		{B429A752-3F14-4D13-8577-B685D9363C57}.ChaosVmEmulationDebug|Win32.Build.0 = Debug|Win32
		{B429A752-3F14-4D13-8577-B685D9363C57}.ChaosVmEmulationRelease|Win32.ActiveCfg = Release|Win32
		{B429A752-3F14-4D13-8577-B685D9363C57}.ChaosVmEmulationRelease|Win32.Build.0 = Release|Win32
		{B429A752-3F14-4D13-8577-B685D9363C57}.ChaosVmEmulationReleaseWithDbgPrint|Win32.ActiveCfg = Release|Win32
		{B429A752-3F14-4D13-8577-B685D9363C57}.ChaosVmEmulationReleaseWithDbgPrint|Win32.Build.0 = Release|Win32
		{B429A752-3F14-4D13-8577-B685D9363C57}.ChaosVmLdrReleaseWithDbgStep|Win32.ActiveCfg = Release|Win32
		{B429A752-3F14-4D13-8577-B685D9363C57}.ChaosVmLdrReleaseWithDbgStep|Win32.Build.0 = Release|Win32
		{B429A752-3F14-4D13-8577-B685D9363C57}.ChaosVmpReleaseWithDbgPrint|Win32.ActiveCfg = Release|Win32
		{B429A752-3F14-4D13-8577-B685D9363C57}.ChaosVmpReleaseWithDbgPrint|Win32.Build.0 = Release|Win32
		{B429A752-3F14-4D13-8577-B685D9363C57}.ChaosVmReleaseWithDbgPrint|Win32.ActiveCfg = Release|Win32
		{B429A752-3F14-4D13-8577-B685D9363C57}.ChaosVmReleaseWithDbgPrint|Win32.Build.0 = Release|Win32
		{B429A752-3F14-4D13-8577-B685D9363C57}.Debug|Win32.ActiveCfg = Debug|Win32
		{B429A752-3F14-4D13-8577-B685D9363C57}.Debug|Win32.Build.0 = Debug|Win32
		{B429A752-3F14-4D13-8577-B685D9363C57}.Release|Win32.ActiveCfg = Release|Win32
		{B429A752-3F14-4D13-8577-B685D9363C57}.Release|Win32.Build.0 = Release|Win32
		{AC09BD95-D802-4CF0-9C8E-C5B606FAD262}.ChaosVmEmulationDebug|Win32.ActiveCfg = Debug|Win32
		{AC09BD95-D802-4CF0-9C8E-C5B606FAD262}.ChaosVmEmulationDebug|Win32.Build.0 = Debug|Win32
		{AC09BD95-D802-4CF0-9C8E-C5B606FAD262}.ChaosVmEmulationRelease|Win32.ActiveCfg = Release|Win32
		{AC09BD95-D802-4CF0-9C8E-C5B606FAD262}.ChaosVmEmulationRelease|Win32.Build.0 = Release|Win32
		{AC09BD95-D802-4CF0-9C8E-C5B606FAD262}.ChaosVmEmulationReleaseWithDbgPrint|Win32.ActiveCfg = Release|Win32
		{AC09BD95-D802-4CF0-9C8E-C5B606FAD262}.ChaosVmEmulationReleaseWithDbgPrint|Win32.Build.0 = Release|Win32
		{AC09BD95-D802-4CF0-9C8E-C5B606FAD262}.ChaosVmLdrReleaseWithDbgStep|Win32.ActiveCfg = Release|Win32
		{AC09BD95-D802-4CF0-9C8E-C5B606FAD262}.ChaosVmLdrReleaseWithDbgStep|Win32.Build.0 = Release|Win32
		{AC09BD95-D802-4CF0-9C8E-C5B606FAD262}.ChaosVmpReleaseWithDbgPrint|Win32.ActiveCfg = Release|Win32
		{AC09BD95-D802-4CF0-9C8E-C5B606FAD262}.ChaosVmpReleaseWithDbgPrint|Win32.Build.0 = Release|Win32
		{AC09BD95-D802-4CF0-9C8E-C5B606FAD262}.ChaosVmReleaseWithDbgPrint|Win32.ActiveCfg = Release|Win32
		{AC09BD95-D802-4CF0-9C8E-C5B606FAD262}.ChaosVmReleaseWithDbgPrint|Win32.Build.0 = Release|Win32
		{AC09BD95-D802-4CF0-9C8E-C5B606FAD262}.Debug|Win32.ActiveCfg = Debug|Win32
		{AC09BD95-D802-4CF0-9C8E-C5B606FAD262}.Debug|Win32.Build.0 = Debug|Win32
		{AC09BD95-D802-4CF0-9C8E-C5B606FAD262}.Release|Win32.ActiveCfg = Release|Win32
		{AC09BD95-D802-4CF0-9C8E-C5B606FAD262}.Release|Win32.Build.0 = Release|Win32
		{58335C6F-8546-460D-93FB-6445C519B652}.ChaosVmEmulationDebug|Win32.ActiveCfg = Debug|Win32
		{58335C6F-8546-460D-93FB-6445C519B652}.ChaosVmEmulationDebug|Win32.Build.0 = Debug|Win32
		{58335C6F-8546-460D-93FB-6445C519B652}.ChaosVmEmulationRelease|Win32.ActiveCfg = Release|Win32
		{58335C6F-8546-460D-93FB-6445C519B652}.ChaosVmEmulationRelease|Win32.Build.0 = Release|Win32
		{58335C6F-8546-460D-93FB-6445C519B652}.ChaosVmEmulationReleaseWithDbgPrint|Win32.ActiveCfg = Release|Win32
		{58335C6F-8546-460D-93FB-6445C519B652}.ChaosVmEmulationReleaseWithDbgPrint|Win32.Build.0 = Release|Win32
		{58335C6F-8546-460D-93FB-6445C519B652}.ChaosVmLdrReleaseWithDbgStep|Win32.ActiveCfg = Release|Win32
		{58335C6F-8546-460D-93FB-6445C519B652}.ChaosVmLdrReleaseWithDbgStep|Win32.Build.0 = Release|Win32
		{58335C6F-8546-460D-93FB-6445C519B652}.ChaosVmpReleaseWithDbgPrint|Win32.ActiveCfg = Release|Win32
		{58335C6F-8546-460D-93FB-6445C519B652}.ChaosVmpReleaseWithDbgPrint|Win32.Build.0 = Release|Win32
		{58335C6F-8546-460D-93FB-6445C519B652}.ChaosVmReleaseWithDbgPrint|Win32.ActiveCfg = Release|Win32
		{58335C6F-8546-460D-93FB-6445C519B652}.ChaosVmReleaseWithDbgPrint|Win32.Build.0 = Release|Win32
		{58335C6F-8546-460D-93FB-6445C519B652}.Debug|Win32.ActiveCfg = Debug|Win32
		{58335C6F-8546-460D-93FB-6445C519B652}.Debug|Win32.Build.0 = Debug|Win32
		{58335C6F-8546-460D-93FB-6445C519B652}.Release|Win32.ActiveCfg = Release|Win32
		{58335C6F-8546-460D-93FB-6445C519B652}.Release|Win32.Build.0 = Release|Win32
		{6EDCCD7F-D3D5-4E34-B705-01300B574BD4}.ChaosVmEmulationDebug|Win32.ActiveCfg = ChaosVmEmulationDebug|Win32
		{6EDCCD7F-D3D5-4E34-B705-01300B574BD4}.ChaosVmEmulationDebug|Win32.Build.0 = ChaosVmEmulationDebug|Win32
		{6EDCCD7F-D3D5-4E34-B705-01300B574BD4}.ChaosVmEmulationRelease|Win32.ActiveCfg = ChaosVmEmulationRelease|Win32
		{6EDCCD7F-D3D5-4E34-B705-01300B574BD4}.ChaosVmEmulationRelease|Win32.Build.0 = ChaosVmEmulationRelease|Win32
		{6EDCCD7F-D3D5-4E34-B705-01300B574BD4}.ChaosVmEmulationReleaseWithDbgPrint|Win32.ActiveCfg = ChaosVmEmulationReleaseWithDbgPrint|Win32
		{6EDCCD7F-D3D5-4E34-B705-01300B574BD4}.ChaosVmEmulationReleaseWithDbgPrint|Win32.Build.0 = ChaosVmEmulationReleaseWithDbgPrint|Win32
		{6EDCCD7F-D3D5-4E34-B705-01300B574BD4}.ChaosVmLdrReleaseWithDbgStep|Win32.ActiveCfg = ChaosVmEmulationReleaseWithDbgPrint|Win32
		{6EDCCD7F-D3D5-4E34-B705-01300B574BD4}.ChaosVmLdrReleaseWithDbgStep|Win32.Build.0 = ChaosVmEmulationReleaseWithDbgPrint|Win32
		{6EDCCD7F-D3D5-4E34-B705-01300B574BD4}.ChaosVmpReleaseWithDbgPrint|Win32.ActiveCfg = ChaosVmEmulationReleaseWithDbgPrint|Win32
		{6EDCCD7F-D3D5-4E34-B705-01300B574BD4}.ChaosVmpReleaseWithDbgPrint|Win32.Build.0 = ChaosVmEmulationReleaseWithDbgPrint|Win32
		{6EDCCD7F-D3D5-4E34-B705-01300B574BD4}.ChaosVmReleaseWithDbgPrint|Win32.ActiveCfg = ChaosVmReleaseWithDbgPrint|Win32
		{6EDCCD7F-D3D5-4E34-B705-01300B574BD4}.ChaosVmReleaseWithDbgPrint|Win32.Build.0 = ChaosVmReleaseWithDbgPrint|Win32
		{6EDCCD7F-D3D5-4E34-B705-01300B574BD4}.Debug|Win32.ActiveCfg = Debug|Win32
		{6EDCCD7F-D3D5-4E34-B705-01300B574BD4}.Debug|Win32.Build.0 = Debug|Win32
		{6EDCCD7F-D3D5-4E34-B705-01300B574BD4}.Release|Win32.ActiveCfg = Release|Win32
		{6EDCCD7F-D3D5-4E34-B705-01300B574BD4}.Release|Win32.Build.0 = Release|Win32
		{ED0E5B0B-2DE5-4A61-8A27-B7B659F1DF34}.ChaosVmEmulationDebug|Win32.ActiveCfg = Debug|Win32
		{ED0E5B0B-2DE5-4A61-8A27-B7B659F1DF34}.ChaosVmEmulationDebug|Win32.Build.0 = Debug|Win32
		{ED0E5B0B-2DE5-4A61-8A27-B7B659F1DF34}.ChaosVmEmulationRelease|Win32.ActiveCfg = Release|Win32
		{ED0E5B0B-2DE5-4A61-8A27-B7B659F1DF34}.ChaosVmEmulationRelease|Win32.Build.0 = Release|Win32
		{ED0E5B0B-2DE5-4A61-8A27-B7B659F1DF34}.ChaosVmEmulationReleaseWithDbgPrint|Win32.ActiveCfg = Release|Win32
		{ED0E5B0B-2DE5-4A61-8A27-B7B659F1DF34}.ChaosVmEmulationReleaseWithDbgPrint|Win32.Build.0 = Release|Win32
		{ED0E5B0B-2DE5-4A61-8A27-B7B659F1DF34}.ChaosVmLdrReleaseWithDbgStep|Win32.ActiveCfg = Release|Win32
		{ED0E5B0B-2DE5-4A61-8A27-B7B659F1DF34}.ChaosVmLdrReleaseWithDbgStep|Win32.Build.0 = Release|Win32
		{ED0E5B0B-2DE5-4A61-8A27-B7B659F1DF34}.ChaosVmpReleaseWithDbgPrint|Win32.ActiveCfg = Release|Win32
		{ED0E5B0B-2DE5-4A61-8A27-B7B659F1DF34}.ChaosVmpReleaseWithDbgPrint|Win32.Build.0 = Release|Win32
		{ED0E5B0B-2DE5-4A61-8A27-B7B659F1DF34}.ChaosVmReleaseWithDbgPrint|Win32.ActiveCfg = Release|Win32
		{ED0E5B0B-2DE5-4A61-8A27-B7B659F1DF34}.ChaosVmReleaseWithDbgPrint|Win32.Build.0 = Release|Win32
		{ED0E5B0B-2DE5-4A61-8A27-B7B659F1DF34}.Debug|Win32.ActiveCfg = Debug|Win32
		{ED0E5B0B-2DE5-4A61-8A27-B7B659F1DF34}.Debug|Win32.Build.0 = Debug|Win32
		{ED0E5B0B-2DE5-4A61-8A27-B7B659F1DF34}.Release|Win32.ActiveCfg = Release|Win32
		{ED0E5B0B-2DE5-4A61-8A27-B7B659F1DF34}.Release|Win32.Build.0 = Release|Win32
		{D243F991-16EC-47BC-B7E4-097AF7CAD390}.ChaosVmEmulationDebug|Win32.ActiveCfg = Debug|Win32
		{D243F991-16EC-47BC-B7E4-097AF7CAD390}.ChaosVmEmulationDebug|Win32.Build.0 = Debug|Win32
		{D243F991-16EC-47BC-B7E4-097AF7CAD390}.ChaosVmEmulationRelease|Win32.ActiveCfg = Release|Win32
		{D243F991-16EC-47BC-B7E4-097AF7CAD390}.ChaosVmEmulationRelease|Win32.Build.0 = Release|Win32
		{D243F991-16EC-47BC-B7E4-097AF7CAD390}.ChaosVmEmulationReleaseWithDbgPrint|Win32.ActiveCfg = Release|Win32
		{D243F991-16EC-47BC-B7E4-097AF7CAD390}.ChaosVmEmulationReleaseWithDbgPrint|Win32.Build.0 = Release|Win32
		{D243F991-16EC-47BC-B7E4-097AF7CAD390}.ChaosVmLdrReleaseWithDbgStep|Win32.ActiveCfg = Release|Win32
		{D243F991-16EC-47BC-B7E4-097AF7CAD390}.ChaosVmLdrReleaseWithDbgStep|Win32.Build.0 = Release|Win32
		{D243F991-16EC-47BC-B7E4-097AF7CAD390}.ChaosVmpReleaseWithDbgPrint|Win32.ActiveCfg = Release|Win32
		{D243F991-16EC-47BC-B7E4-097AF7CAD390}.ChaosVmpReleaseWithDbgPrint|Win32.Build.0 = Release|Win32
		{D243F991-16EC-47BC-B7E4-097AF7CAD390}.ChaosVmReleaseWithDbgPrint|Win32.ActiveCfg = Release|Win32
		{D243F991-16EC-47BC-B7E4-097AF7CAD390}.ChaosVmReleaseWithDbgPrint|Win32.Build.0 = Release|Win32
		{D243F991-16EC-47BC-B7E4-097AF7CAD390}.Debug|Win32.ActiveCfg = Debug|Win32
		{D243F991-16EC-47BC-B7E4-097AF7CAD390}.Debug|Win32.Build.0 = Debug|Win32
		{D243F991-16EC-47BC-B7E4-097AF7CAD390}.Release|Win32.ActiveCfg = Release|Win32
		{D243F991-16EC-47BC-B7E4-097AF7CAD390}.Release|Win32.Build.0 = Release|Win32
		{9ABBE23E-96F4-4913-84B1-D87D07341203}.ChaosVmEmulationDebug|Win32.ActiveCfg = Debug|Win32
		{9ABBE23E-96F4-4913-84B1-D87D07341203}.ChaosVmEmulationDebug|Win32.Build.0 = Debug|Win32
		{9ABBE23E-96F4-4913-84B1-D87D07341203}.ChaosVmEmulationRelease|Win32.ActiveCfg = Release|Win32
		{9ABBE23E-96F4-4913-84B1-D87D07341203}.ChaosVmEmulationRelease|Win32.Build.0 = Release|Win32
		{9ABBE23E-96F4-4913-84B1-D87D07341203}.ChaosVmEmulationReleaseWithDbgPrint|Win32.ActiveCfg = Release|Win32
		{9ABBE23E-96F4-4913-84B1-D87D07341203}.ChaosVmEmulationReleaseWithDbgPrint|Win32.Build.0 = Release|Win32
		{9ABBE23E-96F4-4913-84B1-D87D07341203}.ChaosVmLdrReleaseWithDbgStep|Win32.ActiveCfg = ChaosVmLdrReleaseWithDbgStep|Win32
		{9ABBE23E-96F4-4913-84B1-D87D07341203}.ChaosVmLdrReleaseWithDbgStep|Win32.Build.0 = ChaosVmLdrReleaseWithDbgStep|Win32
		{9ABBE23E-96F4-4913-84B1-D87D07341203}.ChaosVmpReleaseWithDbgPrint|Win32.ActiveCfg = Release|Win32
		{9ABBE23E-96F4-4913-84B1-D87D07341203}.ChaosVmpReleaseWithDbgPrint|Win32.Build.0 = Release|Win32
		{9ABBE23E-96F4-4913-84B1-D87D07341203}.ChaosVmReleaseWithDbgPrint|Win32.ActiveCfg = Release|Win32
		{9ABBE23E-96F4-4913-84B1-D87D07341203}.ChaosVmReleaseWithDbgPrint|Win32.Build.0 = Release|Win32
		{9ABBE23E-96F4-4913-84B1-D87D07341203}.Debug|Win32.ActiveCfg = Debug|Win32
		{9ABBE23E-96F4-4913-84B1-D87D07341203}.Debug|Win32.Build.0 = Debug|Win32
		{9ABBE23E-96F4-4913-84B1-D87D07341203}.Release|Win32.ActiveCfg = Release|Win32
		{9ABBE23E-96F4-4913-84B1-D87D07341203}.Release|Win32.Build.0 = Release|Win32
		{53F98EB1-DE95-4D98-9D0C-8D8D08B0B14C}.ChaosVmEmulationDebug|Win32.ActiveCfg = Debug|Win32
		{53F98EB1-DE95-4D98-9D0C-8D8D08B0B14C}.ChaosVmEmulationDebug|Win32.Build.0 = Debug|Win32
		{53F98EB1-DE95-4D98-9D0C-8D8D08B0B14C}.ChaosVmEmulationRelease|Win32.ActiveCfg = Release|Win32
		{53F98EB1-DE95-4D98-9D0C-8D8D08B0B14C}.ChaosVmEmulationRelease|Win32.Build.0 = Release|Win32
		{53F98EB1-DE95-4D98-9D0C-8D8D08B0B14C}.ChaosVmEmulationReleaseWithDbgPrint|Win32.ActiveCfg = Release|Win32
		{53F98EB1-DE95-4D98-9D0C-8D8D08B0B14C}.ChaosVmEmulationReleaseWithDbgPrint|Win32.Build.0 = Release|Win32
		{53F98EB1-DE95-4D98-9D0C-8D8D08B0B14C}.ChaosVmLdrReleaseWithDbgStep|Win32.ActiveCfg = Release|Win32
		{53F98EB1-DE95-4D98-9D0C-8D8D08B0B14C}.ChaosVmLdrReleaseWithDbgStep|Win32.Build.0 = Release|Win32
		{53F98EB1-DE95-4D98-9D0C-8D8D08B0B14C}.ChaosVmpReleaseWithDbgPrint|Win32.ActiveCfg = Release|Win32
		{53F98EB1-DE95-4D98-9D0C-8D8D08B0B14C}.ChaosVmpReleaseWithDbgPrint|Win32.Build.0 = Release|Win32
		{53F98EB1-DE95-4D98-9D0C-8D8D08B0B14C}.ChaosVmReleaseWithDbgPrint|Win32.ActiveCfg = Release|Win32
		{53F98EB1-DE95-4D98-9D0C-8D8D08B0B14C}.ChaosVmReleaseWithDbgPrint|Win32.Build.0 = Release|Win32
		{53F98EB1-DE95-4D98-9D0C-8D8D08B0B14C}.Debug|Win32.ActiveCfg = Debug|Win32
		{53F98EB1-DE95-4D98-9D0C-8D8D08B0B14C}.Debug|Win32.Build.0 = Debug|Win32
		{53F98EB1-DE95-4D98-9D0C-8D8D08B0B14C}.Release|Win32.ActiveCfg = Release|Win32
		{53F98EB1-DE95-4D98-9D0C-8D8D08B0B14C}.Release|Win32.Build.0 = Release|Win32
		{ADBD056F-C3F0-464E-B241-AF95A28C844B}.ChaosVmEmulationDebug|Win32.ActiveCfg = Debug|Win32
		{ADBD056F-C3F0-464E-B241-AF95A28C844B}.ChaosVmEmulationDebug|Win32.Build.0 = Debug|Win32
		{ADBD056F-C3F0-464E-B241-AF95A28C844B}.ChaosVmEmulationRelease|Win32.ActiveCfg = Release|Win32
		{ADBD056F-C3F0-464E-B241-AF95A28C844B}.ChaosVmEmulationRelease|Win32.Build.0 = Release|Win32
		{ADBD056F-C3F0-464E-B241-AF95A28C844B}.ChaosVmEmulationReleaseWithDbgPrint|Win32.ActiveCfg = Release|Win32
		{ADBD056F-C3F0-464E-B241-AF95A28C844B}.ChaosVmEmulationReleaseWithDbgPrint|Win32.Build.0 = Release|Win32
		{ADBD056F-C3F0-464E-B241-AF95A28C844B}.ChaosVmLdrReleaseWithDbgStep|Win32.ActiveCfg = Release|Win32
		{ADBD056F-C3F0-464E-B241-AF95A28C844B}.ChaosVmLdrReleaseWithDbgStep|Win32.Build.0 = Release|Win32
		{ADBD056F-C3F0-464E-B241-AF95A28C844B}.ChaosVmpReleaseWithDbgPrint|Win32.ActiveCfg = Release|Win32
		{ADBD056F-C3F0-464E-B241-AF95A28C844B}.ChaosVmpReleaseWithDbgPrint|Win32.Build.0 = Release|Win32
		{ADBD056F-C3F0-464E-B241-AF95A28C844B}.ChaosVmReleaseWithDbgPrint|Win32.ActiveCfg = Release|Win32
		{ADBD056F-C3F0-464E-B241-AF95A28C844B}.ChaosVmReleaseWithDbgPrint|Win32.Build.0 = Release|Win32
		{ADBD056F-C3F0-464E-B241-AF95A28C844B}.Debug|Win32.ActiveCfg = Debug|Win32
		{ADBD056F-C3F0-464E-B241-AF95A28C844B}.Debug|Win32.Build.0 = Debug|Win32
		{ADBD056F-C3F0-464E-B241-AF95A28C844B}.Release|Win32.ActiveCfg = Release|Win32
		{ADBD056F-C3F0-464E-B241-AF95A28C844B}.Release|Win32.Build.0 = Release|Win32
		{C154BEB3-E2D7-4CD2-ABCF-A78A39024DEB}.ChaosVmEmulationDebug|Win32.ActiveCfg = Debug|Win32
		{C154BEB3-E2D7-4CD2-ABCF-A78A39024DEB}.ChaosVmEmulationDebug|Win32.Build.0 = Debug|Win32
		{C154BEB3-E2D7-4CD2-ABCF-A78A39024DEB}.ChaosVmEmulationRelease|Win32.ActiveCfg = Release|Win32
		{C154BEB3-E2D7-4CD2-ABCF-A78A39024DEB}.ChaosVmEmulationRelease|Win32.Build.0 = Release|Win32
		{C154BEB3-E2D7-4CD2-ABCF-A78A39024DEB}.ChaosVmEmulationReleaseWithDbgPrint|Win32.ActiveCfg = Release|Win32
		{C154BEB3-E2D7-4CD2-ABCF-A78A39024DEB}.ChaosVmEmulationReleaseWithDbgPrint|Win32.Build.0 = Release|Win32
		{C154BEB3-E2D7-4CD2-ABCF-A78A39024DEB}.ChaosVmLdrReleaseWithDbgStep|Win32.ActiveCfg = Release|Win32
		{C154BEB3-E2D7-4CD2-ABCF-A78A39024DEB}.ChaosVmLdrReleaseWithDbgStep|Win32.Build.0 = Release|Win32
		{C154BEB3-E2D7-4CD2-ABCF-A78A39024DEB}.ChaosVmpReleaseWithDbgPrint|Win32.ActiveCfg = Release|Win32
		{C154BEB3-E2D7-4CD2-ABCF-A78A39024DEB}.ChaosVmpReleaseWithDbgPrint|Win32.Build.0 = Release|Win32
		{C154BEB3-E2D7-4CD2-ABCF-A78A39024DEB}.ChaosVmReleaseWithDbgPrint|Win32.ActiveCfg = Release|Win32
		{C154BEB3-E2D7-4CD2-ABCF-A78A39024DEB}.ChaosVmReleaseWithDbgPrint|Win32.Build.0 = Release|Win32
		{C154BEB3-E2D7-4CD2-ABCF-A78A39024DEB}.Debug|Win32.ActiveCfg = Debug|Win32
		{C154BEB3-E2D7-4CD2-ABCF-A78A39024DEB}.Debug|Win32.Build.0 = Debug|Win32
		{C154BEB3-E2D7-4CD2-ABCF-A78A39024DEB}.Release|Win32.ActiveCfg = Release|Win32
		{C154BEB3-E2D7-4CD2-ABCF-A78A39024DEB}.Release|Win32.Build.0 = Release|Win32
		{E1AA53BF-1906-4AA3-AD49-438E6DFE4ABE}.ChaosVmEmulationDebug|Win32.ActiveCfg = Debug|Win32
		{E1AA53BF-1906-4AA3-AD49-438E6DFE4ABE}.ChaosVmEmulationDebug|Win32.Build.0 = Debug|Win32
		{E1AA53BF-1906-4AA3-AD49-438E6DFE4ABE}.ChaosVmEmulationRelease|Win32.ActiveCfg = Release|Win32
		{E1AA53BF-1906-4AA3-AD49-438E6DFE4ABE}.ChaosVmEmulationRelease|Win32.Build.0 = Release|Win32
		{E1AA53BF-1906-4AA3-AD49-438E6DFE4ABE}.ChaosVmEmulationReleaseWithDbgPrint|Win32.ActiveCfg = Release|Win32
		{E1AA53BF-1906-4AA3-AD49-438E6DFE4ABE}.ChaosVmEmulationReleaseWithDbgPrint|Win32.Build.0 = Release|Win32
		{E1AA53BF-1906-4AA3-AD49-438E6DFE4ABE}.ChaosVmLdrReleaseWithDbgStep|Win32.ActiveCfg = Release|Win32
		{E1AA53BF-1906-4AA3-AD49-438E6DFE4ABE}.ChaosVmLdrReleaseWithDbgStep|Win32.Build.0 = Release|Win32
		{E1AA53BF-1906-4AA3-AD49-438E6DFE4ABE}.ChaosVmpReleaseWithDbgPrint|Win32.ActiveCfg = Release|Win32
		{E1AA53BF-1906-4AA3-AD49-438E6DFE4ABE}.ChaosVmpReleaseWithDbgPrint|Win32.Build.0 = Release|Win32
		{E1AA53BF-1906-4AA3-AD49-438E6DFE4ABE}.ChaosVmReleaseWithDbgPrint|Win32.ActiveCfg = Release|Win32
		{E1AA53BF-1906-4AA3-AD49-438E6DFE4ABE}.ChaosVmReleaseWithDbgPrint|Win32.Build.0 = Release|Win32
		{E1AA53BF-1906-4AA3-AD49-438E6DFE4ABE}.Debug|Win32.ActiveCfg = Debug|Win32
		{E1AA53BF-1906-4AA3-AD49-438E6DFE4ABE}.Debug|Win32.Build.0 = Debug|Win32
		{E1AA53BF-1906-4AA3-AD49-438E6DFE4ABE}.Release|Win32.ActiveCfg = Release|Win32
		{E1AA53BF-1906-4AA3-AD49-438E6DFE4ABE}.Release|Win32.Build.0 = Release|Win32
		{B50543A9-0F74-44D8-887F-65C121EE2E4C}.ChaosVmEmulationDebug|Win32.ActiveCfg = Debug|Win32
		{B50543A9-0F74-44D8-887F-65C121EE2E4C}.ChaosVmEmulationDebug|Win32.Build.0 = Debug|Win32
		{B50543A9-0F74-44D8-887F-65C121EE2E4C}.ChaosVmEmulationRelease|Win32.ActiveCfg = Release|Win32
		{B50543A9-0F74-44D8-887F-65C121EE2E4C}.ChaosVmEmulationRelease|Win32.Build.0 = Release|Win32
		{B50543A9-0F74-44D8-887F-65C121EE2E4C}.ChaosVmEmulationReleaseWithDbgPrint|Win32.ActiveCfg = Release|Win32
		{B50543A9-0F74-44D8-887F-65C121EE2E4C}.ChaosVmEmulationReleaseWithDbgPrint|Win32.Build.0 = Release|Win32
		{B50543A9-0F74-44D8-887F-65C121EE2E4C}.ChaosVmLdrReleaseWithDbgStep|Win32.ActiveCfg = Release|Win32
		{B50543A9-0F74-44D8-887F-65C121EE2E4C}.ChaosVmLdrReleaseWithDbgStep|Win32.Build.0 = Release|Win32
		{B50543A9-0F74-44D8-887F-65C121EE2E4C}.ChaosVmpReleaseWithDbgPrint|Win32.ActiveCfg = Release|Win32
		{B50543A9-0F74-44D8-887F-65C121EE2E4C}.ChaosVmpReleaseWithDbgPrint|Win32.Build.0 = Release|Win32
		{B50543A9-0F74-44D8-887F-65C121EE2E4C}.ChaosVmReleaseWithDbgPrint|Win32.ActiveCfg = Release|Win32
		{B50543A9-0F74-44D8-887F-65C121EE2E4C}.ChaosVmReleaseWithDbgPrint|Win32.Build.0 = Release|Win32
		{B50543A9-0F74-44D8-887F-65C121EE2E4C}.Debug|Win32.ActiveCfg = Debug|Win32
		{B50543A9-0F74-44D8-887F-65C121EE2E4C}.Debug|Win32.Build.0 = Debug|Win32
		{B50543A9-0F74-44D8-887F-65C121EE2E4C}.Release|Win32.ActiveCfg = Release|Win32
		{B50543A9-0F74-44D8-887F-65C121EE2E4C}.Release|Win32.Build.0 = Release|Win32
		{4455DFB8-A02A-4D0F-A331-7B1FA7D03D7C}.ChaosVmEmulationDebug|Win32.ActiveCfg = Debug|Win32
		{4455DFB8-A02A-4D0F-A331-7B1FA7D03D7C}.ChaosVmEmulationDebug|Win32.Build.0 = Debug|Win32
		{4455DFB8-A02A-4D0F-A331-7B1FA7D03D7C}.ChaosVmEmulationRelease|Win32.ActiveCfg = Release|Win32
		{4455DFB8-A02A-4D0F-A331-7B1FA7D03D7C}.ChaosVmEmulationRelease|Win32.Build.0 = Release|Win32
		{4455DFB8-A02A-4D0F-A331-7B1FA7D03D7C}.ChaosVmEmulationReleaseWithDbgPrint|Win32.ActiveCfg = Release|Win32
		{4455DFB8-A02A-4D0F-A331-7B1FA7D03D7C}.ChaosVmEmulationReleaseWithDbgPrint|Win32.Build.0 = Release|Win32
		{4455DFB8-A02A-4D0F-A331-7B1FA7D03D7C}.ChaosVmLdrReleaseWithDbgStep|Win32.ActiveCfg = Release|Win32
		{4455DFB8-A02A-4D0F-A331-7B1FA7D03D7C}.ChaosVmLdrReleaseWithDbgStep|Win32.Build.0 = Release|Win32
		{4455DFB8-A02A-4D0F-A331-7B1FA7D03D7C}.ChaosVmpReleaseWithDbgPrint|Win32.ActiveCfg = Release|Win32
		{4455DFB8-A02A-4D0F-A331-7B1FA7D03D7C}.ChaosVmpReleaseWithDbgPrint|Win32.Build.0 = Release|Win32
		{4455DFB8-A02A-4D0F-A331-7B1FA7D03D7C}.ChaosVmReleaseWithDbgPrint|Win32.ActiveCfg = Release|Win32
		{4455DFB8-A02A-4D0F-A331-7B1FA7D03D7C}.ChaosVmReleaseWithDbgPrint|Win32.Build.0 = Release|Win32
		{4455DFB8-A02A-4D0F-A331-7B1FA7D03D7C}.Debug|Win32.ActiveCfg = Debug|Win32
		{4455DFB8-A02A-4D0F-A331-7B1FA7D03D7C}.Debug|Win32.Build.0 = Debug|Win32
		{4455DFB8-A02A-4D0F-A331-7B1FA7D03D7C}.Release|Win32.ActiveCfg = Release|Win32
		{4455DFB8-A02A-4D0F-A331-7B1FA7D03D7C}.Release|Win32.Build.0 = Release|Win32
		{C6ECAAF3-C086-4944-8866-4BB3EE563137}.ChaosVmEmulationDebug|Win32.ActiveCfg = Debug|Win32
		{C6ECAAF3-C086-4944-8866-4BB3EE563137}.ChaosVmEmulationDebug|Win32.Build.0 = Debug|Win32
		{C6ECAAF3-C086-4944-8866-4BB3EE563137}.ChaosVmEmulationRelease|Win32.ActiveCfg = Release|Win32
		{C6ECAAF3-C086-4944-8866-4BB3EE563137}.ChaosVmEmulationRelease|Win32.Build.0 = Release|Win32
		{C6ECAAF3-C086-4944-8866-4BB3EE563137}.ChaosVmEmulationReleaseWithDbgPrint|Win32.ActiveCfg = Release|Win32
		{C6ECAAF3-C086-4944-8866-4BB3EE563137}.ChaosVmEmulationReleaseWithDbgPrint|Win32.Build.0 = Release|Win32
		{C6ECAAF3-C086-4944-8866-4BB3EE563137}.ChaosVmLdrReleaseWithDbgStep|Win32.ActiveCfg = Release|Win32
		{C6ECAAF3-C086-4944-8866-4BB3EE563137}.ChaosVmLdrReleaseWithDbgStep|Win32.Build.0 = Release|Win32
		{C6ECAAF3-C086-4944-8866-4BB3EE563137}.ChaosVmpReleaseWithDbgPrint|Win32.ActiveCfg = Release|Win32
		{C6ECAAF3-C086-4944-8866-4BB3EE563137}.ChaosVmpReleaseWithDbgPrint|Win32.Build.0 = Release|Win32
		{C6ECAAF3-C086-4944-8866-4BB3EE563137}.ChaosVmReleaseWithDbgPrint|Win32.ActiveCfg = Release|Win32
		{C6ECAAF3-C086-4944-8866-4BB3EE563137}.ChaosVmReleaseWithDbgPrint|Win32.Build.0 = Release|Win32
		{C6ECAAF3-C086-4944-8866-4BB3EE563137}.Debug|Win32.ActiveCfg = Debug|Win32
		{C6ECAAF3-C086-4944-8866-4BB3EE563137}.Debug|Win32.Build.0 = Debug|Win32
		{C6ECAAF3-C086-4944-8866-4BB3EE563137}.Release|Win32.ActiveCfg = Release|Win32
		{C6ECAAF3-C086-4944-8866-4BB3EE563137}.Release|Win32.Build.0 = Release|Win32
		{793250D5-F536-4B59-B3D4-4C79ACC306E2}.ChaosVmEmulationDebug|Win32.ActiveCfg = Debug|Win32
		{793250D5-F536-4B59-B3D4-4C79ACC306E2}.ChaosVmEmulationDebug|Win32.Build.0 = Debug|Win32
		{793250D5-F536-4B59-B3D4-4C79ACC306E2}.ChaosVmEmulationRelease|Win32.ActiveCfg = Release|Win32
		{793250D5-F536-4B59-B3D4-4C79ACC306E2}.ChaosVmEmulationRelease|Win32.Build.0 = Release|Win32
		{793250D5-F536-4B59-B3D4-4C79ACC306E2}.ChaosVmEmulationReleaseWithDbgPrint|Win32.ActiveCfg = Release|Win32
		{793250D5-F536-4B59-B3D4-4C79ACC306E2}.ChaosVmEmulationReleaseWithDbgPrint|Win32.Build.0 = Release|Win32
		{793250D5-F536-4B59-B3D4-4C79ACC306E2}.ChaosVmLdrReleaseWithDbgStep|Win32.ActiveCfg = Release|Win32
		{793250D5-F536-4B59-B3D4-4C79ACC306E2}.ChaosVmLdrReleaseWithDbgStep|Win32.Build.0 = Release|Win32
		{793250D5-F536-4B59-B3D4-4C79ACC306E2}.ChaosVmpReleaseWithDbgPrint|Win32.ActiveCfg = Release|Win32
		{793250D5-F536-4B59-B3D4-4C79ACC306E2}.ChaosVmpReleaseWithDbgPrint|Win32.Build.0 = Release|Win32
		{793250D5-F536-4B59-B3D4-4C79ACC306E2}.ChaosVmReleaseWithDbgPrint|Win32.ActiveCfg = Release|Win32
		{793250D5-F536-4B59-B3D4-4C79ACC306E2}.ChaosVmReleaseWithDbgPrint|Win32.Build.0 = Release|Win32
		{793250D5-F536-4B59-B3D4-4C79ACC306E2}.Debug|Win32.ActiveCfg = Debug|Win32
		{793250D5-F536-4B59-B3D4-4C79ACC306E2}.Debug|Win32.Build.0 = Debug|Win32
		{793250D5-F536-4B59-B3D4-4C79ACC306E2}.Release|Win32.ActiveCfg = Release|Win32
		{793250D5-F536-4B59-B3D4-4C79ACC306E2}.Release|Win32.Build.0 = Release|Win32
		{585F226B-9574-4A48-9586-1A06C6C795D0}.ChaosVmEmulationDebug|Win32.ActiveCfg = Debug|Win32
		{585F226B-9574-4A48-9586-1A06C6C795D0}.ChaosVmEmulationDebug|Win32.Build.0 = Debug|Win32
		{585F226B-9574-4A48-9586-1A06C6C795D0}.ChaosVmEmulationRelease|Win32.ActiveCfg = Release|Win32
		{585F226B-9574-4A48-9586-1A06C6C795D0}.ChaosVmEmulationRelease|Win32.Build.0 = Release|Win32
		{585F226B-9574-4A48-9586-1A06C6C795D0}.ChaosVmEmulationReleaseWithDbgPrint|Win32.ActiveCfg = Release|Win32
		{585F226B-9574-4A48-9586-1A06C6C795D0}.ChaosVmEmulationReleaseWithDbgPrint|Win32.Build.0 = Release|Win32
		{585F226B-9574-4A48-9586-1A06C6C795D0}.ChaosVmLdrReleaseWithDbgStep|Win32.ActiveCfg = ChaosVmpReleaseWithDbgPrint|Win32
		{585F226B-9574-4A48-9586-1A06C6C795D0}.ChaosVmLdrReleaseWithDbgStep|Win32.Build.0 = ChaosVmpReleaseWithDbgPrint|Win32
		{585F226B-9574-4A48-9586-1A06C6C795D0}.ChaosVmpReleaseWithDbgPrint|Win32.ActiveCfg = ChaosVmpReleaseWithDbgPrint|Win32
		{585F226B-9574-4A48-9586-1A06C6C795D0}.ChaosVmpReleaseWithDbgPrint|Win32.Build.0 = ChaosVmpReleaseWithDbgPrint|Win32
		{585F226B-9574-4A48-9586-1A06C6C795D0}.ChaosVmReleaseWithDbgPrint|Win32.ActiveCfg = Release|Win32
		{585F226B-9574-4A48-9586-1A06C6C795D0}.ChaosVmReleaseWithDbgPrint|Win32.Build.0 = Release|Win32
		{585F226B-9574-4A48-9586-1A06C6C795D0}.Debug|Win32.ActiveCfg = Debug|Win32
		{585F226B-9574-4A48-9586-1A06C6C795D0}.Debug|Win32.Build.0 = Debug|Win32
		{585F226B-9574-4A48-9586-1A06C6C795D0}.Release|Win32.ActiveCfg = Release|Win32
		{585F226B-9574-4A48-9586-1A06C6C795D0}.Release|Win32.Build.0 = Release|Win32
		{B50085E2-D70A-4175-B141-81CCC92769EB}.ChaosVmEmulationDebug|Win32.ActiveCfg = Debug|Win32
		{B50085E2-D70A-4175-B141-81CCC92769EB}.ChaosVmEmulationDebug|Win32.Build.0 = Debug|Win32
		{B50085E2-D70A-4175-B141-81CCC92769EB}.ChaosVmEmulationRelease|Win32.ActiveCfg = Release|Win32
		{B50085E2-D70A-4175-B141-81CCC92769EB}.ChaosVmEmulationRelease|Win32.Build.0 = Release|Win32
		{B50085E2-D70A-4175-B141-81CCC92769EB}.ChaosVmEmulationReleaseWithDbgPrint|Win32.ActiveCfg = Release|Win32
		{B50085E2-D70A-4175-B141-81CCC92769EB}.ChaosVmEmulationReleaseWithDbgPrint|Win32.Build.0 = Release|Win32
		{B50085E2-D70A-4175-B141-81CCC92769EB}.ChaosVmLdrReleaseWithDbgStep|Win32.ActiveCfg = Release|Win32
		{B50085E2-D70A-4175-B141-81CCC92769EB}.ChaosVmLdrReleaseWithDbgStep|Win32.Build.0 = Release|Win32
		{B50085E2-D70A-4175-B141-81CCC92769EB}.ChaosVmpReleaseWithDbgPrint|Win32.ActiveCfg = Release|Win32
		{B50085E2-D70A-4175-B141-81CCC92769EB}.ChaosVmpReleaseWithDbgPrint|Win32.Build.0 = Release|Win32
		{B50085E2-D70A-4175-B141-81CCC92769EB}.ChaosVmReleaseWithDbgPrint|Win32.ActiveCfg = Release|Win32
		{B50085E2-D70A-4175-B141-81CCC92769EB}.ChaosVmReleaseWithDbgPrint|Win32.Build.0 = Release|Win32
		{B50085E2-D70A-4175-B141-81CCC92769EB}.Debug|Win32.ActiveCfg = Debug|Win32
		{B50085E2-D70A-4175-B141-81CCC92769EB}.Debug|Win32.Build.0 = Debug|Win32
		{B50085E2-D70A-4175-B141-81CCC92769EB}.Release|Win32.ActiveCfg = Release|Win32
		{B50085E2-D70A-4175-B141-81CCC92769EB}.Release|Win32.Build.0 = Release|Win32
		{6A416E71-661A-46C7-AEFC-5804D5346D3A}.ChaosVmEmulationDebug|Win32.ActiveCfg = Debug|Win32
		{6A416E71-661A-46C7-AEFC-5804D5346D3A}.ChaosVmEmulationDebug|Win32.Build.0 = Debug|Win32
		{6A416E71-661A-46C7-AEFC-5804D5346D3A}.ChaosVmEmulationRelease|Win32.ActiveCfg = Release|Win32
		{6A416E71-661A-46C7-AEFC-5804D5346D3A}.ChaosVmEmulationRelease|Win32.Build.0 = Release|Win32
		{6A416E71-661A-46C7-AEFC-5804D5346D3A}.ChaosVmEmulationReleaseWithDbgPrint|Win32.ActiveCfg = Release|Win32
		{6A416E71-661A-46C7-AEFC-5804D5346D3A}.ChaosVmEmulationReleaseWithDbgPrint|Win32.Build.0 = Release|Win32
		{6A416E71-661A-46C7-AEFC-5804D5346D3A}.ChaosVmLdrReleaseWithDbgStep|Win32.ActiveCfg = Release|Win32
		{6A416E71-661A-46C7-AEFC-5804D5346D3A}.ChaosVmLdrReleaseWithDbgStep|Win32.Build.0 = Release|Win32
		{6A416E71-661A-46C7-AEFC-5804D5346D3A}.ChaosVmpReleaseWithDbgPrint|Win32.ActiveCfg = Release|Win32
		{6A416E71-661A-46C7-AEFC-5804D5346D3A}.ChaosVmpReleaseWithDbgPrint|Win32.Build.0 = Release|Win32
		{6A416E71-661A-46C7-AEFC-5804D5346D3A}.ChaosVmReleaseWithDbgPrint|Win32.ActiveCfg = Release|Win32
		{6A416E71-661A-46C7-AEFC-5804D5346D3A}.ChaosVmReleaseWithDbgPrint|Win32.Build.0 = Release|Win32
		{6A416E71-661A-46C7-AEFC-5804D5346D3A}.Debug|Win32.ActiveCfg = Debug|Win32
		{6A416E71-661A-46C7-AEFC-5804D5346D3A}.Debug|Win32.Build.0 = Debug|Win32
		{6A416E71-661A-46C7-AEFC-5804D5346D3A}.Release|Win32.ActiveCfg = Release|Win32
		{6A416E71-661A-46C7-AEFC-5804D5346D3A}.Release|Win32.Build.0 = Release|Win32
		{DE541078-2212-4676-BE4D-635DE282D556}.ChaosVmEmulationDebug|Win32.ActiveCfg = Debug|Win32
		{DE541078-2212-4676-BE4D-635DE282D556}.ChaosVmEmulationDebug|Win32.Build.0 = Debug|Win32
		{DE541078-2212-4676-BE4D-635DE282D556}.ChaosVmEmulationRelease|Win32.ActiveCfg = Release|Win32
		{DE541078-2212-4676-BE4D-635DE282D556}.ChaosVmEmulationRelease|Win32.Build.0 = Release|Win32
		{DE541078-2212-4676-BE4D-635DE282D556}.ChaosVmEmulationReleaseWithDbgPrint|Win32.ActiveCfg = Release|Win32
		{DE541078-2212-4676-BE4D-635DE282D556}.ChaosVmEmulationReleaseWithDbgPrint|Win32.Build.0 = Release|Win32
		{DE541078-2212-4676-BE4D-635DE282D556}.ChaosVmLdrReleaseWithDbgStep|Win32.ActiveCfg = Release|Win32
		{DE541078-2212-4676-BE4D-635DE282D556}.ChaosVmLdrReleaseWithDbgStep|Win32.Build.0 = Release|Win32
		{DE541078-2212-4676-BE4D-635DE282D556}.ChaosVmpReleaseWithDbgPrint|Win32.ActiveCfg = Release|Win32
		{DE541078-2212-4676-BE4D-635DE282D556}.ChaosVmpReleaseWithDbgPrint|Win32.Build.0 = Release|Win32
		{DE541078-2212-4676-BE4D-635DE282D556}.ChaosVmReleaseWithDbgPrint|Win32.ActiveCfg = Release|Win32
		{DE541078-2212-4676-BE4D-635DE282D556}.ChaosVmReleaseWithDbgPrint|Win32.Build.0 = Release|Win32
		{DE541078-2212-4676-BE4D-635DE282D556}.Debug|Win32.ActiveCfg = Debug|Win32
		{DE541078-2212-4676-BE4D-635DE282D556}.Debug|Win32.Build.0 = Debug|Win32
		{DE541078-2212-4676-BE4D-635DE282D556}.Release|Win32.ActiveCfg = Release|Win32
		{DE541078-2212-4676-BE4D-635DE282D556}.Release|Win32.Build.0 = Release|Win32
		{DA4C66E5-44A5-417C-973A-C0E3A681F7E5}.ChaosVmEmulationDebug|Win32.ActiveCfg = Debug|Win32
		{DA4C66E5-44A5-417C-973A-C0E3A681F7E5}.ChaosVmEmulationDebug|Win32.Build.0 = Debug|Win32
		{DA4C66E5-44A5-417C-973A-C0E3A681F7E5}.ChaosVmEmulationRelease|Win32.ActiveCfg = Release|Win32
		{DA4C66E5-44A5-417C-973A-C0E3A681F7E5}.ChaosVmEmulationRelease|Win32.Build.0 = Release|Win32
		{DA4C66E5-44A5-417C-973A-C0E3A681F7E5}.ChaosVmEmulationReleaseWithDbgPrint|Win32.ActiveCfg = Release|Win32
		{DA4C66E5-44A5-417C-973A-C0E3A681F7E5}.ChaosVmEmulationReleaseWithDbgPrint|Win32.Build.0 = Release|Win32
		{DA4C66E5-44A5-417C-973A-C0E3A681F7E5}.ChaosVmLdrReleaseWithDbgStep|Win32.ActiveCfg = Release|Win32
		{DA4C66E5-44A5-417C-973A-C0E3A681F7E5}.ChaosVmLdrReleaseWithDbgStep|Win32.Build.0 = Release|Win32
		{DA4C66E5-44A5-417C-973A-C0E3A681F7E5}.ChaosVmpReleaseWithDbgPrint|Win32.ActiveCfg = Release|Win32
		{DA4C66E5-44A5-417C-973A-C0E3A681F7E5}.ChaosVmpReleaseWithDbgPrint|Win32.Build.0 = Release|Win32
		{DA4C66E5-44A5-417C-973A-C0E3A681F7E5}.ChaosVmReleaseWithDbgPrint|Win32.ActiveCfg = Release|Win32
		{DA4C66E5-44A5-417C-973A-C0E3A681F7E5}.ChaosVmReleaseWithDbgPrint|Win32.Build.0 = Release|Win32
		{DA4C66E5-44A5-417C-973A-C0E3A681F7E5}.Debug|Win32.ActiveCfg = Debug|Win32
		{DA4C66E5-44A5-417C-973A-C0E3A681F7E5}.Debug|Win32.Build.0 = Debug|Win32
		{DA4C66E5-44A5-417C-973A-C0E3A681F7E5}.Release|Win32.ActiveCfg = Release|Win32
		{DA4C66E5-44A5-417C-973A-C0E3A681F7E5}.Release|Win32.Build.0 = Release|Win32
		{41697B9B-20D3-4486-89D8-CC29FDC2DEC5}.ChaosVmEmulationDebug|Win32.ActiveCfg = Debug|Win32
		{41697B9B-20D3-4486-89D8-CC29FDC2DEC5}.ChaosVmEmulationDebug|Win32.Build.0 = Debug|Win32
		{41697B9B-20D3-4486-89D8-CC29FDC2DEC5}.ChaosVmEmulationRelease|Win32.ActiveCfg = Release|Win32
		{41697B9B-20D3-4486-89D8-CC29FDC2DEC5}.ChaosVmEmulationRelease|Win32.Build.0 = Release|Win32
		{41697B9B-20D3-4486-89D8-CC29FDC2DEC5}.ChaosVmEmulationReleaseWithDbgPrint|Win32.ActiveCfg = Release|Win32
		{41697B9B-20D3-4486-89D8-CC29FDC2DEC5}.ChaosVmEmulationReleaseWithDbgPrint|Win32.Build.0 = Release|Win32
		{41697B9B-20D3-4486-89D8-CC29FDC2DEC5}.ChaosVmLdrReleaseWithDbgStep|Win32.ActiveCfg = Release|Win32
		{41697B9B-20D3-4486-89D8-CC29FDC2DEC5}.ChaosVmLdrReleaseWithDbgStep|Win32.Build.0 = Release|Win32
		{41697B9B-20D3-4486-89D8-CC29FDC2DEC5}.ChaosVmpReleaseWithDbgPrint|Win32.ActiveCfg = Release|Win32
		{41697B9B-20D3-4486-89D8-CC29FDC2DEC5}.ChaosVmpReleaseWithDbgPrint|Win32.Build.0 = Release|Win32
		{41697B9B-20D3-4486-89D8-CC29FDC2DEC5}.ChaosVmReleaseWithDbgPrint|Win32.ActiveCfg = Release|Win32
		{41697B9B-20D3-4486-89D8-CC29FDC2DEC5}.ChaosVmReleaseWithDbgPrint|Win32.Build.0 = Release|Win32
		{41697B9B-20D3-4486-89D8-CC29FDC2DEC5}.Debug|Win32.ActiveCfg = Debug|Win32
		{41697B9B-20D3-4486-89D8-CC29FDC2DEC5}.Debug|Win32.Build.0 = Debug|Win32
		{41697B9B-20D3-4486-89D8-CC29FDC2DEC5}.Release|Win32.ActiveCfg = Release|Win32
		{41697B9B-20D3-4486-89D8-CC29FDC2DEC5}.Release|Win32.Build.0 = Release|Win32
		{0BB60C33-8999-47EE-B95E-F81F28CCA2BF}.ChaosVmEmulationDebug|Win32.ActiveCfg = Debug|Win32
		{0BB60C33-8999-47EE-B95E-F81F28CCA2BF}.ChaosVmEmulationDebug|Win32.Build.0 = Debug|Win32
		{0BB60C33-8999-47EE-B95E-F81F28CCA2BF}.ChaosVmEmulationRelease|Win32.ActiveCfg = Release|Win32
		{0BB60C33-8999-47EE-B95E-F81F28CCA2BF}.ChaosVmEmulationRelease|Win32.Build.0 = Release|Win32
		{0BB60C33-8999-47EE-B95E-F81F28CCA2BF}.ChaosVmEmulationReleaseWithDbgPrint|Win32.ActiveCfg = Release|Win32
		{0BB60C33-8999-47EE-B95E-F81F28CCA2BF}.ChaosVmEmulationReleaseWithDbgPrint|Win32.Build.0 = Release|Win32
		{0BB60C33-8999-47EE-B95E-F81F28CCA2BF}.ChaosVmLdrReleaseWithDbgStep|Win32.ActiveCfg = Release|Win32
		{0BB60C33-8999-47EE-B95E-F81F28CCA2BF}.ChaosVmLdrReleaseWithDbgStep|Win32.Build.0 = Release|Win32
		{0BB60C33-8999-47EE-B95E-F81F28CCA2BF}.ChaosVmpReleaseWithDbgPrint|Win32.ActiveCfg = Release|Win32
		{0BB60C33-8999-47EE-B95E-F81F28CCA2BF}.ChaosVmpReleaseWithDbgPrint|Win32.Build.0 = Release|Win32
		{0BB60C33-8999-47EE-B95E-F81F28CCA2BF}.ChaosVmReleaseWithDbgPrint|Win32.ActiveCfg = Release|Win32
		{0BB60C33-8999-47EE-B95E-F81F28CCA2BF}.ChaosVmReleaseWithDbgPrint|Win32.Build.0 = Release|Win32
		{0BB60C33-8999-47EE-B95E-F81F28CCA2BF}.Debug|Win32.ActiveCfg = Debug|Win32
		{0BB60C33-8999-47EE-B95E-F81F28CCA2BF}.Debug|Win32.Build.0 = Debug|Win32
		{0BB60C33-8999-47EE-B95E-F81F28CCA2BF}.Release|Win32.ActiveCfg = Release|Win32
		{0BB60C33-8999-47EE-B95E-F81F28CCA2BF}.Release|Win32.Build.0 = Release|Win32
		{61ACA065-C46A-49EC-8710-69BAEFF15B6C}.ChaosVmEmulationDebug|Win32.ActiveCfg = Debug|Win32
		{61ACA065-C46A-49EC-8710-69BAEFF15B6C}.ChaosVmEmulationDebug|Win32.Build.0 = Debug|Win32
		{61ACA065-C46A-49EC-8710-69BAEFF15B6C}.ChaosVmEmulationRelease|Win32.ActiveCfg = Release|Win32
		{61ACA065-C46A-49EC-8710-69BAEFF15B6C}.ChaosVmEmulationRelease|Win32.Build.0 = Release|Win32
		{61ACA065-C46A-49EC-8710-69BAEFF15B6C}.ChaosVmEmulationReleaseWithDbgPrint|Win32.ActiveCfg = Release|Win32
		{61ACA065-C46A-49EC-8710-69BAEFF15B6C}.ChaosVmEmulationReleaseWithDbgPrint|Win32.Build.0 = Release|Win32
		{61ACA065-C46A-49EC-8710-69BAEFF15B6C}.ChaosVmLdrReleaseWithDbgStep|Win32.ActiveCfg = Release|Win32
		{61ACA065-C46A-49EC-8710-69BAEFF15B6C}.ChaosVmLdrReleaseWithDbgStep|Win32.Build.0 = Release|Win32
		{61ACA065-C46A-49EC-8710-69BAEFF15B6C}.ChaosVmpReleaseWithDbgPrint|Win32.ActiveCfg = Release|Win32
		{61ACA065-C46A-49EC-8710-69BAEFF15B6C}.ChaosVmpReleaseWithDbgPrint|Win32.Build.0 = Release|Win32
		{61ACA065-C46A-49EC-8710-69BAEFF15B6C}.ChaosVmReleaseWithDbgPrint|Win32.ActiveCfg = Release|Win32
		{61ACA065-C46A-49EC-8710-69BAEFF15B6C}.ChaosVmReleaseWithDbgPrint|Win32.Build.0 = Release|Win32
		{61ACA065-C46A-49EC-8710-69BAEFF15B6C}.Debug|Win32.ActiveCfg = Debug|Win32
		{61ACA065-C46A-49EC-8710-69BAEFF15B6C}.Debug|Win32.Build.0 = Debug|Win32
		{61ACA065-C46A-49EC-8710-69BAEFF15B6C}.Release|Win32.ActiveCfg = Release|Win32
		{61ACA065-C46A-49EC-8710-69BAEFF15B6C}.Release|Win32.Build.0 = Release|Win32
		{67986F01-9D62-4412-B45D-37846A98A52C}.ChaosVmEmulationDebug|Win32.ActiveCfg = Debug|Win32
		{67986F01-9D62-4412-B45D-37846A98A52C}.ChaosVmEmulationDebug|Win32.Build.0 = Debug|Win32
		{67986F01-9D62-4412-B45D-37846A98A52C}.ChaosVmEmulationRelease|Win32.ActiveCfg = Release|Win32
		{67986F01-9D62-4412-B45D-37846A98A52C}.ChaosVmEmulationRelease|Win32.Build.0 = Release|Win32
		{67986F01-9D62-4412-B45D-37846A98A52C}.ChaosVmEmulationReleaseWithDbgPrint|Win32.ActiveCfg = Release|Win32
		{67986F01-9D62-4412-B45D-37846A98A52C}.ChaosVmEmulationReleaseWithDbgPrint|Win32.Build.0 = Release|Win32
		{67986F01-9D62-4412-B45D-37846A98A52C}.ChaosVmLdrReleaseWithDbgStep|Win32.ActiveCfg = Release|Win32
		{67986F01-9D62-4412-B45D-37846A98A52C}.ChaosVmLdrReleaseWithDbgStep|Win32.Build.0 = Release|Win32
		{67986F01-9D62-4412-B45D-37846A98A52C}.ChaosVmpReleaseWithDbgPrint|Win32.ActiveCfg = Release|Win32
		{67986F01-9D62-4412-B45D-37846A98A52C}.ChaosVmpReleaseWithDbgPrint|Win32.Build.0 = Release|Win32
		{67986F01-9D62-4412-B45D-37846A98A52C}.ChaosVmReleaseWithDbgPrint|Win32.ActiveCfg = Release|Win32
		{67986F01-9D62-4412-B45D-37846A98A52C}.ChaosVmReleaseWithDbgPrint|Win32.Build.0 = Release|Win32
		{67986F01-9D62-4412-B45D-37846A98A52C}.Debug|Win32.ActiveCfg = Debug|Win32
		{67986F01-9D62-4412-B45D-37846A98A52C}.Debug|Win32.Build.0 = Debug|Win32
		{67986F01-9D62-4412-B45D-37846A98A52C}.Release|Win32.ActiveCfg = Release|Win32
		{67986F01-9D62-4412-B45D-37846A98A52C}.Release|Win32.Build.0 = Release|Win32
		{AD519363-119E-46B1-9595-4CA6DFAC2E8D}.ChaosVmEmulationDebug|Win32.ActiveCfg = Debug|Win32
		{AD519363-119E-46B1-9595-4CA6DFAC2E8D}.ChaosVmEmulationDebug|Win32.Build.0 = Debug|Win32
		{AD519363-119E-46B1-9595-4CA6DFAC2E8D}.ChaosVmEmulationRelease|Win32.ActiveCfg = Release|Win32
		{AD519363-119E-46B1-9595-4CA6DFAC2E8D}.ChaosVmEmulationRelease|Win32.Build.0 = Release|Win32
		{AD519363-119E-46B1-9595-4CA6DFAC2E8D}.ChaosVmEmulationReleaseWithDbgPrint|Win32.ActiveCfg = Release|Win32
		{AD519363-119E-46B1-9595-4CA6DFAC2E8D}.ChaosVmEmulationReleaseWithDbgPrint|Win32.Build.0 = Release|Win32
		{AD519363-119E-46B1-9595-4CA6DFAC2E8D}.ChaosVmLdrReleaseWithDbgStep|Win32.ActiveCfg = Release|Win32
		{AD519363-119E-46B1-9595-4CA6DFAC2E8D}.ChaosVmLdrReleaseWithDbgStep|Win32.Build.0 = Release|Win32
		{AD519363-119E-46B1-9595-4CA6DFAC2E8D}.ChaosVmpReleaseWithDbgPrint|Win32.ActiveCfg = Release|Win32
		{AD519363-119E-46B1-9595-4CA6DFAC2E8D}.ChaosVmpReleaseWithDbgPrint|Win32.Build.0 = Release|Win32
		{AD519363-119E-46B1-9595-4CA6DFAC2E8D}.ChaosVmReleaseWithDbgPrint|Win32.ActiveCfg = Release|Win32
		{AD519363-119E-46B1-9595-4CA6DFAC2E8D}.ChaosVmReleaseWithDbgPrint|Win32.Build.0 = Release|Win32
		{AD519363-119E-46B1-9595-4CA6DFAC2E8D}.Debug|Win32.ActiveCfg = Debug|Win32
		{AD519363-119E-46B1-9595-4CA6DFAC2E8D}.Debug|Win32.Build.0 = Debug|Win32
		{AD519363-119E-46B1-9595-4CA6DFAC2E8D}.Release|Win32.ActiveCfg = Release|Win32
		{AD519363-119E-46B1-9595-4CA6DFAC2E8D}.Release|Win32.Build.0 = Release|Win32
	EndGlobalSection
	GlobalSection(SolutionProperties) = preSolution
		HideSolutionNode = FALSE
	EndGlobalSection
	GlobalSection(NestedProjects) = preSolution
		{29610B09-CDA1-4592-A33B-8FAAF127C8D7} = {4B3C061A-B51C-41CD-A028-34A4E87A2F8B}
		{7695B665-C3A5-4D3C-9F48-599F19D56EB8} = {4B3C061A-B51C-41CD-A028-34A4E87A2F8B}
		{909A7ECD-AE44-4C4E-8BAF-79E0B265A16E} = {4B3C061A-B51C-41CD-A028-34A4E87A2F8B}
		{B5DC0391-A319-4682-9D90-CAD838B4DC89} = {4B3C061A-B51C-41CD-A028-34A4E87A2F8B}
		{CFD68AEB-26C2-4EF9-A367-B438572374BF} = {29610B09-CDA1-4592-A33B-8FAAF127C8D7}
		{E3704481-5D7C-4D14-BFEB-12485BE47FCF} = {29610B09-CDA1-4592-A33B-8FAAF127C8D7}
		{B0EF8E1E-2EB5-46EC-89F0-73BB0C3C2C12} = {29610B09-CDA1-4592-A33B-8FAAF127C8D7}
		{7E599AE2-05FB-40C1-AC57-FD148117A2BA} = {29610B09-CDA1-4592-A33B-8FAAF127C8D7}
		{3C7A0D60-12A6-47CA-A308-9C800C51E87D} = {29610B09-CDA1-4592-A33B-8FAAF127C8D7}
		{DA4C66E5-44A5-417C-973A-C0E3A681F7E5} = {29610B09-CDA1-4592-A33B-8FAAF127C8D7}
		{61ACA065-C46A-49EC-8710-69BAEFF15B6C} = {29610B09-CDA1-4592-A33B-8FAAF127C8D7}
		{3CD114E8-2842-4357-9A58-006AB1EB30B5} = {7695B665-C3A5-4D3C-9F48-599F19D56EB8}
		{4C9DDCCB-F551-42B9-B682-F195286C6042} = {909A7ECD-AE44-4C4E-8BAF-79E0B265A16E}
		{007F169B-9C9A-4E53-BA63-1B40B6C103D5} = {909A7ECD-AE44-4C4E-8BAF-79E0B265A16E}
		{AC09BD95-D802-4CF0-9C8E-C5B606FAD262} = {B5DC0391-A319-4682-9D90-CAD838B4DC89}
		{58335C6F-8546-460D-93FB-6445C519B652} = {B5DC0391-A319-4682-9D90-CAD838B4DC89}
		{ED0E5B0B-2DE5-4A61-8A27-B7B659F1DF34} = {B5DC0391-A319-4682-9D90-CAD838B4DC89}
		{D243F991-16EC-47BC-B7E4-097AF7CAD390} = {B5DC0391-A319-4682-9D90-CAD838B4DC89}
		{B429A752-3F14-4D13-8577-B685D9363C57} = {B5DC0391-A319-4682-9D90-CAD838B4DC89}
		{ADBD056F-C3F0-464E-B241-AF95A28C844B} = {A113748E-514E-4142-931C-B8E264C1721E}
		{C154BEB3-E2D7-4CD2-ABCF-A78A39024DEB} = {A113748E-514E-4142-931C-B8E264C1721E}
		{E1AA53BF-1906-4AA3-AD49-438E6DFE4ABE} = {A113748E-514E-4142-931C-B8E264C1721E}
		{4455DFB8-A02A-4D0F-A331-7B1FA7D03D7C} = {A113748E-514E-4142-931C-B8E264C1721E}
		{C6ECAAF3-C086-4944-8866-4BB3EE563137} = {A113748E-514E-4142-931C-B8E264C1721E}
		{793250D5-F536-4B59-B3D4-4C79ACC306E2} = {A113748E-514E-4142-931C-B8E264C1721E}
		{B50085E2-D70A-4175-B141-81CCC92769EB} = {A113748E-514E-4142-931C-B8E264C1721E}
		{53F98EB1-DE95-4D98-9D0C-8D8D08B0B14C} = {A113748E-514E-4142-931C-B8E264C1721E}
		{600A812C-6892-49FF-942E-5566EC7F4B54} = {A113748E-514E-4142-931C-B8E264C1721E}
		{AD519363-119E-46B1-9595-4CA6DFAC2E8D} = {A113748E-514E-4142-931C-B8E264C1721E}
		{67986F01-9D62-4412-B45D-37846A98A52C} = {A113748E-514E-4142-931C-B8E264C1721E}
		{DE541078-2212-4676-BE4D-635DE282D556} = {9D1C0980-27CB-4FB9-B584-FD0D5A9FD0E5}
		{6A416E71-661A-46C7-AEFC-5804D5346D3A} = {9D1C0980-27CB-4FB9-B584-FD0D5A9FD0E5}
		{0BB60C33-8999-47EE-B95E-F81F28CCA2BF} = {600A812C-6892-49FF-942E-5566EC7F4B54}
	EndGlobalSection
EndGlobal
